
Microsoft Visual Studio Solution File, Format Version 12.00
# Visual Studio Version 16
VisualStudioVersion = 16.0.31702.278
MinimumVisualStudioVersion = 10.0.40219.1
Project("{FAE04EC0-301F-11D3-BF4B-00C04F79EFBC}") = "SimpleBlog", "SimpleBlog.csproj", "{4509D45C-B66B-4847-B826-1274437B5EDB}"
EndProject
Global
	GlobalSection(SolutionConfigurationPlatforms) = preSolution
		Debug|Any CPU = Debug|Any CPU
		Release|Any CPU = Release|Any CPU
	EndGlobalSection
	GlobalSection(ProjectConfigurationPlatforms) = postSolution
		{4509D45C-B66B-4847-B826-1274437B5EDB}.Debug|Any CPU.ActiveCfg = Debug|Any CPU
		{4509D45C-B66B-4847-B826-1274437B5EDB}.Debug|Any CPU.Build.0 = Debug|Any CPU
		{4509D45C-B66B-4847-B826-1274437B5EDB}.Release|Any CPU.ActiveCfg = Release|Any CPU
		{4509D45C-B66B-4847-B826-1274437B5EDB}.Release|Any CPU.Build.0 = Release|Any CPU
	EndGlobalSection
	GlobalSection(SolutionProperties) = preSolution
		HideSolutionNode = FALSE
	EndGlobalSection
	GlobalSection(ExtensibilityGlobals) = postSolution
		SolutionGuid = {D87B35B2-AE83-4D4A-9E6D-755D80BEFEB6}
	EndGlobalSection
EndGlobal
